
Microsoft Visual Studio Solution File, Format Version 12.00
# Visual Studio Version 16
VisualStudioVersion = 16.0.30225.117
MinimumVisualStudioVersion = 10.0.40219.1
Project("{FAE04EC0-301F-11D3-BF4B-00C04F79EFBC}") = "visit-canton-coders", "visit-canton-coders.csproj", "{B5547E63-DAE2-4E38-8D63-3085DEAB97AE}"
EndProject
Project("{FAE04EC0-301F-11D3-BF4B-00C04F79EFBC}") = "visit-canton-coders-tests", "..\visit-canton-coders-tests\visit-canton-coders-tests.csproj", "{78B63A68-87E2-4074-AAD0-335E49A8C5D1}"
EndProject
Global
	GlobalSection(SolutionConfigurationPlatforms) = preSolution
		Debug|Any CPU = Debug|Any CPU
		Release|Any CPU = Release|Any CPU
	EndGlobalSection
	GlobalSection(ProjectConfigurationPlatforms) = postSolution
		{B5547E63-DAE2-4E38-8D63-3085DEAB97AE}.Debug|Any CPU.ActiveCfg = Debug|Any CPU
		{B5547E63-DAE2-4E38-8D63-3085DEAB97AE}.Debug|Any CPU.Build.0 = Debug|Any CPU
		{B5547E63-DAE2-4E38-8D63-3085DEAB97AE}.Release|Any CPU.ActiveCfg = Release|Any CPU
		{B5547E63-DAE2-4E38-8D63-3085DEAB97AE}.Release|Any CPU.Build.0 = Release|Any CPU
		{78B63A68-87E2-4074-AAD0-335E49A8C5D1}.Debug|Any CPU.ActiveCfg = Debug|Any CPU
		{78B63A68-87E2-4074-AAD0-335E49A8C5D1}.Debug|Any CPU.Build.0 = Debug|Any CPU
		{78B63A68-87E2-4074-AAD0-335E49A8C5D1}.Release|Any CPU.ActiveCfg = Release|Any CPU
		{78B63A68-87E2-4074-AAD0-335E49A8C5D1}.Release|Any CPU.Build.0 = Release|Any CPU
	EndGlobalSection
	GlobalSection(SolutionProperties) = preSolution
		HideSolutionNode = FALSE
	EndGlobalSection
	GlobalSection(ExtensibilityGlobals) = postSolution
		SolutionGuid = {229CDEB5-A0AD-41E3-89E9-90D72E672167}
	EndGlobalSection
EndGlobal
